
Microsoft Visual Studio Solution File, Format Version 12.00
# Visual Studio Version 16
VisualStudioVersion = 16.0.31313.79
MinimumVisualStudioVersion = 10.0.40219.1
Project("{9A19103F-16F7-4668-BE54-9A1E7A4F7556}") = "Selenium-Docker-Example", "Selenium-Docker-Example\Selenium-Docker-Example.csproj", "{FEF1C89F-6A0E-4965-B9DD-7859EA5330DB}"
EndProject
Global
	GlobalSection(SolutionConfigurationPlatforms) = preSolution
		Debug|Any CPU = Debug|Any CPU
		Release|Any CPU = Release|Any CPU
	EndGlobalSection
	GlobalSection(ProjectConfigurationPlatforms) = postSolution
		{FEF1C89F-6A0E-4965-B9DD-7859EA5330DB}.Debug|Any CPU.ActiveCfg = Debug|Any CPU
		{FEF1C89F-6A0E-4965-B9DD-7859EA5330DB}.Debug|Any CPU.Build.0 = Debug|Any CPU
		{FEF1C89F-6A0E-4965-B9DD-7859EA5330DB}.Release|Any CPU.ActiveCfg = Release|Any CPU
		{FEF1C89F-6A0E-4965-B9DD-7859EA5330DB}.Release|Any CPU.Build.0 = Release|Any CPU
	EndGlobalSection
	GlobalSection(SolutionProperties) = preSolution
		HideSolutionNode = FALSE
	EndGlobalSection
	GlobalSection(ExtensibilityGlobals) = postSolution
		SolutionGuid = {F834DA62-2C0A-487D-BF1F-10A2587CE2FB}
	EndGlobalSection
EndGlobal
